
Microsoft Visual Studio Solution File, Format Version 12.00
# Visual Studio Version 17
VisualStudioVersion = 17.7.34031.279
MinimumVisualStudioVersion = 10.0.40219.1
Project("{FAE04EC0-301F-11D3-BF4B-00C04F79EFBC}") = "Flappy Bird", "Flappy Bird\Flappy Bird.csproj", "{DF86923D-C9EC-418F-8556-6BF613373556}"
EndProject
Global
	GlobalSection(SolutionConfigurationPlatforms) = preSolution
		Debug|Any CPU = Debug|Any CPU
		Release|Any CPU = Release|Any CPU
	EndGlobalSection
	GlobalSection(ProjectConfigurationPlatforms) = postSolution
		{DF86923D-C9EC-418F-8556-6BF613373556}.Debug|Any CPU.ActiveCfg = Debug|Any CPU
		{DF86923D-C9EC-418F-8556-6BF613373556}.Debug|Any CPU.Build.0 = Debug|Any CPU
		{DF86923D-C9EC-418F-8556-6BF613373556}.Release|Any CPU.ActiveCfg = Release|Any CPU
		{DF86923D-C9EC-418F-8556-6BF613373556}.Release|Any CPU.Build.0 = Release|Any CPU
	EndGlobalSection
	GlobalSection(SolutionProperties) = preSolution
		HideSolutionNode = FALSE
	EndGlobalSection
	GlobalSection(ExtensibilityGlobals) = postSolution
		SolutionGuid = {3FA79815-A87E-4A15-97CE-37A860DE59A4}
	EndGlobalSection
EndGlobal
